// !$*UTF8*$!
{
	archiveVersion = 1;
	classes = {
	};
	objectVersion = 46;
	objects = {

/* Begin PBXBuildFile section */
		63676927623F4AF7B526B1DB /* libPods.a in Frameworks */ = {isa = PBXBuildFile; fileRef = DBF2FA9271CB4D0CA1160A65 /* libPods.a */; };
		E902254C19C87D1F00E91130 /* bridge.m in Sources */ = {isa = PBXBuildFile; fileRef = E902254B19C87D1F00E91130 /* bridge.m */; };
		E944DFC119CC3F7F007F8B91 /* FavouritesViewController.swift in Sources */ = {isa = PBXBuildFile; fileRef = E944DFBF19CC3F7F007F8B91 /* FavouritesViewController.swift */; };
		E944DFC419D18BA1007F8B91 /* Main.storyboard in Resources */ = {isa = PBXBuildFile; fileRef = E944DFC319D18BA1007F8B91 /* Main.storyboard */; };
		E95D949519CB2299001D888F /* red_light.png in Resources */ = {isa = PBXBuildFile; fileRef = E95D949419CB2299001D888F /* red_light.png */; };
		E95D949719CB22A2001D888F /* green_light.png in Resources */ = {isa = PBXBuildFile; fileRef = E95D949619CB22A2001D888F /* green_light.png */; };
		E95D94A119CB25F3001D888F /* LoginViewController.swift in Sources */ = {isa = PBXBuildFile; fileRef = E95D949F19CB25F3001D888F /* LoginViewController.swift */; };
		E9C6A86D19C87A2600129844 /* AppDelegate.swift in Sources */ = {isa = PBXBuildFile; fileRef = E9C6A86C19C87A2600129844 /* AppDelegate.swift */; };
		E9C6A87419C87A2600129844 /* Images.xcassets in Resources */ = {isa = PBXBuildFile; fileRef = E9C6A87319C87A2600129844 /* Images.xcassets */; };
		E9C6A88019C87A2700129844 /* toptaskClientTests.swift in Sources */ = {isa = PBXBuildFile; fileRef = E9C6A87F19C87A2700129844 /* toptaskClientTests.swift */; };
/* End PBXBuildFile section */

/* Begin PBXContainerItemProxy section */
		E9C6A87A19C87A2700129844 /* PBXContainerItemProxy */ = {
			isa = PBXContainerItemProxy;
			containerPortal = E9C6A85F19C87A2600129844 /* Project object */;
			proxyType = 1;
			remoteGlobalIDString = E9C6A86619C87A2600129844;
			remoteInfo = toptaskClient;
		};
/* End PBXContainerItemProxy section */

/* Begin PBXFileReference section */
		AA46BCA07CF14A34BC2C3DED /* Pods.xcconfig */ = {isa = PBXFileReference; includeInIndex = 1; lastKnownFileType = text.xcconfig; name = Pods.xcconfig; path = Pods/Pods.xcconfig; sourceTree = "<group>"; };
		DBF2FA9271CB4D0CA1160A65 /* libPods.a */ = {isa = PBXFileReference; explicitFileType = archive.ar; includeInIndex = 0; path = libPods.a; sourceTree = BUILT_PRODUCTS_DIR; };
		E902254A19C87D1E00E91130 /* toptaskClient-Bridging-Header.h */ = {isa = PBXFileReference; lastKnownFileType = sourcecode.c.h; path = "toptaskClient-Bridging-Header.h"; sourceTree = "<group>"; };
		E902254B19C87D1F00E91130 /* bridge.m */ = {isa = PBXFileReference; fileEncoding = 4; lastKnownFileType = sourcecode.c.objc; path = bridge.m; sourceTree = "<group>"; };
		E944DFBF19CC3F7F007F8B91 /* FavouritesViewController.swift */ = {isa = PBXFileReference; fileEncoding = 4; lastKnownFileType = sourcecode.swift; path = FavouritesViewController.swift; sourceTree = "<group>"; };
		E944DFC319D18BA1007F8B91 /* Main.storyboard */ = {isa = PBXFileReference; fileEncoding = 4; lastKnownFileType = file.storyboard; path = Main.storyboard; sourceTree = "<group>"; };
		E95D949419CB2299001D888F /* red_light.png */ = {isa = PBXFileReference; lastKnownFileType = image.png; path = red_light.png; sourceTree = "<group>"; };
		E95D949619CB22A2001D888F /* green_light.png */ = {isa = PBXFileReference; lastKnownFileType = image.png; path = green_light.png; sourceTree = "<group>"; };
		E95D949F19CB25F3001D888F /* LoginViewController.swift */ = {isa = PBXFileReference; fileEncoding = 4; lastKnownFileType = sourcecode.swift; path = LoginViewController.swift; sourceTree = "<group>"; };
		E9C6A86719C87A2600129844 /* toptaskClient.app */ = {isa = PBXFileReference; explicitFileType = wrapper.application; includeInIndex = 0; path = toptaskClient.app; sourceTree = BUILT_PRODUCTS_DIR; };
		E9C6A86B19C87A2600129844 /* Info.plist */ = {isa = PBXFileReference; lastKnownFileType = text.plist.xml; path = Info.plist; sourceTree = "<group>"; };
		E9C6A86C19C87A2600129844 /* AppDelegate.swift */ = {isa = PBXFileReference; lastKnownFileType = sourcecode.swift; path = AppDelegate.swift; sourceTree = "<group>"; };
		E9C6A87319C87A2600129844 /* Images.xcassets */ = {isa = PBXFileReference; lastKnownFileType = folder.assetcatalog; path = Images.xcassets; sourceTree = "<group>"; };
		E9C6A87919C87A2700129844 /* toptaskClientTests.xctest */ = {isa = PBXFileReference; explicitFileType = wrapper.cfbundle; includeInIndex = 0; path = toptaskClientTests.xctest; sourceTree = BUILT_PRODUCTS_DIR; };
		E9C6A87E19C87A2700129844 /* Info.plist */ = {isa = PBXFileReference; lastKnownFileType = text.plist.xml; path = Info.plist; sourceTree = "<group>"; };
		E9C6A87F19C87A2700129844 /* toptaskClientTests.swift */ = {isa = PBXFileReference; lastKnownFileType = sourcecode.swift; path = toptaskClientTests.swift; sourceTree = "<group>"; };
/* End PBXFileReference section */

/* Begin PBXFrameworksBuildPhase section */
		E9C6A86419C87A2600129844 /* Frameworks */ = {
			isa = PBXFrameworksBuildPhase;
			buildActionMask = 2147483647;
			files = (
				63676927623F4AF7B526B1DB /* libPods.a in Frameworks */,
			);
			runOnlyForDeploymentPostprocessing = 0;
		};
		E9C6A87619C87A2700129844 /* Frameworks */ = {
			isa = PBXFrameworksBuildPhase;
			buildActionMask = 2147483647;
			files = (
			);
			runOnlyForDeploymentPostprocessing = 0;
		};
/* End PBXFrameworksBuildPhase section */

/* Begin PBXGroup section */
		3CEC5785A9D04D5FBE050C36 /* Frameworks */ = {
			isa = PBXGroup;
			children = (
				DBF2FA9271CB4D0CA1160A65 /* libPods.a */,
			);
			name = Frameworks;
			sourceTree = "<group>";
		};
		E9C6A85E19C87A2600129844 = {
			isa = PBXGroup;
			children = (
				E902254B19C87D1F00E91130 /* bridge.m */,
				E902254A19C87D1E00E91130 /* toptaskClient-Bridging-Header.h */,
				E9C6A86919C87A2600129844 /* toptaskClient */,
				E9C6A87C19C87A2700129844 /* toptaskClientTests */,
				E9C6A86819C87A2600129844 /* Products */,
				AA46BCA07CF14A34BC2C3DED /* Pods.xcconfig */,
				3CEC5785A9D04D5FBE050C36 /* Frameworks */,
			);
			sourceTree = "<group>";
		};
		E9C6A86819C87A2600129844 /* Products */ = {
			isa = PBXGroup;
			children = (
				E9C6A86719C87A2600129844 /* toptaskClient.app */,
				E9C6A87919C87A2700129844 /* toptaskClientTests.xctest */,
			);
			name = Products;
			sourceTree = "<group>";
		};
		E9C6A86919C87A2600129844 /* toptaskClient */ = {
			isa = PBXGroup;
			children = (
				E9C6A86C19C87A2600129844 /* AppDelegate.swift */,
				E95D949F19CB25F3001D888F /* LoginViewController.swift */,
				E944DFC319D18BA1007F8B91 /* Main.storyboard */,
				E944DFBF19CC3F7F007F8B91 /* FavouritesViewController.swift */,
				E9C6A87319C87A2600129844 /* Images.xcassets */,
				E9C6A86A19C87A2600129844 /* Supporting Files */,
			);
			path = toptaskClient;
			sourceTree = "<group>";
		};
		E9C6A86A19C87A2600129844 /* Supporting Files */ = {
			isa = PBXGroup;
			children = (
				E95D949619CB22A2001D888F /* green_light.png */,
				E95D949419CB2299001D888F /* red_light.png */,
				E9C6A86B19C87A2600129844 /* Info.plist */,
			);
			name = "Supporting Files";
			sourceTree = "<group>";
		};
		E9C6A87C19C87A2700129844 /* toptaskClientTests */ = {
			isa = PBXGroup;
			children = (
				E9C6A87F19C87A2700129844 /* toptaskClientTests.swift */,
				E9C6A87D19C87A2700129844 /* Supporting Files */,
			);
			path = toptaskClientTests;
			sourceTree = "<group>";
		};
		E9C6A87D19C87A2700129844 /* Supporting Files */ = {
			isa = PBXGroup;
			children = (
				E9C6A87E19C87A2700129844 /* Info.plist */,
			);
			name = "Supporting Files";
			sourceTree = "<group>";
		};
/* End PBXGroup section */

/* Begin PBXNativeTarget section */
		E9C6A86619C87A2600129844 /* toptaskClient */ = {
			isa = PBXNativeTarget;
			buildConfigurationList = E9C6A88319C87A2700129844 /* Build configuration list for PBXNativeTarget "toptaskClient" */;
			buildPhases = (
				89D43C011CA84722AE8E558A /* Check Pods Manifest.lock */,
				E9C6A86319C87A2600129844 /* Sources */,
				E9C6A86419C87A2600129844 /* Frameworks */,
				E9C6A86519C87A2600129844 /* Resources */,
				1946DEA0485B471F92E547AB /* Copy Pods Resources */,
			);
			buildRules = (
			);
			dependencies = (
			);
			name = toptaskClient;
			productName = toptaskClient;
			productReference = E9C6A86719C87A2600129844 /* toptaskClient.app */;
			productType = "com.apple.product-type.application";
		};
		E9C6A87819C87A2700129844 /* toptaskClientTests */ = {
			isa = PBXNativeTarget;
			buildConfigurationList = E9C6A88619C87A2700129844 /* Build configuration list for PBXNativeTarget "toptaskClientTests" */;
			buildPhases = (
				E9C6A87519C87A2700129844 /* Sources */,
				E9C6A87619C87A2700129844 /* Frameworks */,
				E9C6A87719C87A2700129844 /* Resources */,
			);
			buildRules = (
			);
			dependencies = (
				E9C6A87B19C87A2700129844 /* PBXTargetDependency */,
			);
			name = toptaskClientTests;
			productName = toptaskClientTests;
			productReference = E9C6A87919C87A2700129844 /* toptaskClientTests.xctest */;
			productType = "com.apple.product-type.bundle.unit-test";
		};
/* End PBXNativeTarget section */

/* Begin PBXProject section */
		E9C6A85F19C87A2600129844 /* Project object */ = {
			isa = PBXProject;
			attributes = {
				LastUpgradeCheck = 0600;
				ORGANIZATIONNAME = "Thomas Spiesser";
				TargetAttributes = {
					E9C6A86619C87A2600129844 = {
						CreatedOnToolsVersion = 6.0;
					};
					E9C6A87819C87A2700129844 = {
						CreatedOnToolsVersion = 6.0;
						TestTargetID = E9C6A86619C87A2600129844;
					};
				};
			};
			buildConfigurationList = E9C6A86219C87A2600129844 /* Build configuration list for PBXProject "toptaskClient" */;
			compatibilityVersion = "Xcode 3.2";
			developmentRegion = English;
			hasScannedForEncodings = 0;
			knownRegions = (
				en,
				Base,
			);
			mainGroup = E9C6A85E19C87A2600129844;
			productRefGroup = E9C6A86819C87A2600129844 /* Products */;
			projectDirPath = "";
			projectRoot = "";
			targets = (
				E9C6A86619C87A2600129844 /* toptaskClient */,
				E9C6A87819C87A2700129844 /* toptaskClientTests */,
			);
		};
/* End PBXProject section */

/* Begin PBXResourcesBuildPhase section */
		E9C6A86519C87A2600129844 /* Resources */ = {
			isa = PBXResourcesBuildPhase;
			buildActionMask = 2147483647;
			files = (
				E95D949519CB2299001D888F /* red_light.png in Resources */,
				E95D949719CB22A2001D888F /* green_light.png in Resources */,
				E9C6A87419C87A2600129844 /* Images.xcassets in Resources */,
				E944DFC419D18BA1007F8B91 /* Main.storyboard in Resources */,
			);
			runOnlyForDeploymentPostprocessing = 0;
		};
		E9C6A87719C87A2700129844 /* Resources */ = {
			isa = PBXResourcesBuildPhase;
			buildActionMask = 2147483647;
			files = (
			);
			runOnlyForDeploymentPostprocessing = 0;
		};
/* End PBXResourcesBuildPhase section */

/* Begin PBXShellScriptBuildPhase section */
		1946DEA0485B471F92E547AB /* Copy Pods Resources */ = {
			isa = PBXShellScriptBuildPhase;
			buildActionMask = 2147483647;
			files = (
			);
			inputPaths = (
			);
			name = "Copy Pods Resources";
			outputPaths = (
			);
			runOnlyForDeploymentPostprocessing = 0;
			shellPath = /bin/sh;
			shellScript = "\"${SRCROOT}/Pods/Pods-resources.sh\"\n";
			showEnvVarsInLog = 0;
		};
		89D43C011CA84722AE8E558A /* Check Pods Manifest.lock */ = {
			isa = PBXShellScriptBuildPhase;
			buildActionMask = 2147483647;
			files = (
			);
			inputPaths = (
			);
			name = "Check Pods Manifest.lock";
			outputPaths = (
			);
			runOnlyForDeploymentPostprocessing = 0;
			shellPath = /bin/sh;
			shellScript = "diff \"${PODS_ROOT}/../Podfile.lock\" \"${PODS_ROOT}/Manifest.lock\" > /dev/null\nif [[ $? != 0 ]] ; then\n    cat << EOM\nerror: The sandbox is not in sync with the Podfile.lock. Run 'pod install' or update your CocoaPods installation.\nEOM\n    exit 1\nfi\n";
			showEnvVarsInLog = 0;
		};
/* End PBXShellScriptBuildPhase section */

/* Begin PBXSourcesBuildPhase section */
		E9C6A86319C87A2600129844 /* Sources */ = {
			isa = PBXSourcesBuildPhase;
			buildActionMask = 2147483647;
			files = (
				E944DFC119CC3F7F007F8B91 /* FavouritesViewController.swift in Sources */,
				E95D94A119CB25F3001D888F /* LoginViewController.swift in Sources */,
				E902254C19C87D1F00E91130 /* bridge.m in Sources */,
				E9C6A86D19C87A2600129844 /* AppDelegate.swift in Sources */,
			);
			runOnlyForDeploymentPostprocessing = 0;
		};
		E9C6A87519C87A2700129844 /* Sources */ = {
			isa = PBXSourcesBuildPhase;
			buildActionMask = 2147483647;
			files = (
				E9C6A88019C87A2700129844 /* toptaskClientTests.swift in Sources */,
			);
			runOnlyForDeploymentPostprocessing = 0;
		};
/* End PBXSourcesBuildPhase section */

/* Begin PBXTargetDependency section */
		E9C6A87B19C87A2700129844 /* PBXTargetDependency */ = {
			isa = PBXTargetDependency;
			target = E9C6A86619C87A2600129844 /* toptaskClient */;
			targetProxy = E9C6A87A19C87A2700129844 /* PBXContainerItemProxy */;
		};
/* End PBXTargetDependency section */

/* Begin XCBuildConfiguration section */
		E9C6A88119C87A2700129844 /* Debug */ = {
			isa = XCBuildConfiguration;
			buildSettings = {
				ALWAYS_SEARCH_USER_PATHS = NO;
				CLANG_CXX_LANGUAGE_STANDARD = "gnu++0x";
				CLANG_CXX_LIBRARY = "libc++";
				CLANG_ENABLE_MODULES = YES;
				CLANG_ENABLE_OBJC_ARC = YES;
				CLANG_WARN_BOOL_CONVERSION = YES;
				CLANG_WARN_CONSTANT_CONVERSION = YES;
				CLANG_WARN_DIRECT_OBJC_ISA_USAGE = YES_ERROR;
				CLANG_WARN_EMPTY_BODY = YES;
				CLANG_WARN_ENUM_CONVERSION = YES;
				CLANG_WARN_INT_CONVERSION = YES;
				CLANG_WARN_OBJC_ROOT_CLASS = YES_ERROR;
				CLANG_WARN_UNREACHABLE_CODE = YES;
				CLANG_WARN__DUPLICATE_METHOD_MATCH = YES;
				"CODE_SIGN_IDENTITY[sdk=iphoneos*]" = "iPhone Developer";
				COPY_PHASE_STRIP = NO;
				ENABLE_STRICT_OBJC_MSGSEND = YES;
				GCC_C_LANGUAGE_STANDARD = gnu99;
				GCC_DYNAMIC_NO_PIC = NO;
				GCC_OPTIMIZATION_LEVEL = 0;
				GCC_PREPROCESSOR_DEFINITIONS = (
					"DEBUG=1",
					"$(inherited)",
				);
				GCC_SYMBOLS_PRIVATE_EXTERN = NO;
				GCC_WARN_64_TO_32_BIT_CONVERSION = YES;
				GCC_WARN_ABOUT_RETURN_TYPE = YES_ERROR;
				GCC_WARN_UNDECLARED_SELECTOR = YES;
				GCC_WARN_UNINITIALIZED_AUTOS = YES_AGGRESSIVE;
				GCC_WARN_UNUSED_FUNCTION = YES;
				GCC_WARN_UNUSED_VARIABLE = YES;
				IPHONEOS_DEPLOYMENT_TARGET = 8.0;
				MTL_ENABLE_DEBUG_INFO = YES;
				ONLY_ACTIVE_ARCH = YES;
				SDKROOT = iphoneos;
				SWIFT_OPTIMIZATION_LEVEL = "-Onone";
			};
			name = Debug;
		};
		E9C6A88219C87A2700129844 /* Release */ = {
			isa = XCBuildConfiguration;
			buildSettings = {
				ALWAYS_SEARCH_USER_PATHS = NO;
				CLANG_CXX_LANGUAGE_STANDARD = "gnu++0x";
				CLANG_CXX_LIBRARY = "libc++";
				CLANG_ENABLE_MODULES = YES;
				CLANG_ENABLE_OBJC_ARC = YES;
				CLANG_WARN_BOOL_CONVERSION = YES;
				CLANG_WARN_CONSTANT_CONVERSION = YES;
				CLANG_WARN_DIRECT_OBJC_ISA_USAGE = YES_ERROR;
				CLANG_WARN_EMPTY_BODY = YES;
				CLANG_WARN_ENUM_CONVERSION = YES;
				CLANG_WARN_INT_CONVERSION = YES;
				CLANG_WARN_OBJC_ROOT_CLASS = YES_ERROR;
				CLANG_WARN_UNREACHABLE_CODE = YES;
				CLANG_WARN__DUPLICATE_METHOD_MATCH = YES;
				"CODE_SIGN_IDENTITY[sdk=iphoneos*]" = "iPhone Developer";
				COPY_PHASE_STRIP = YES;
				ENABLE_NS_ASSERTIONS = NO;
				ENABLE_STRICT_OBJC_MSGSEND = YES;
				GCC_C_LANGUAGE_STANDARD = gnu99;
				GCC_WARN_64_TO_32_BIT_CONVERSION = YES;
				GCC_WARN_ABOUT_RETURN_TYPE = YES_ERROR;
				GCC_WARN_UNDECLARED_SELECTOR = YES;
				GCC_WARN_UNINITIALIZED_AUTOS = YES_AGGRESSIVE;
				GCC_WARN_UNUSED_FUNCTION = YES;
				GCC_WARN_UNUSED_VARIABLE = YES;
				IPHONEOS_DEPLOYMENT_TARGET = 8.0;
				MTL_ENABLE_DEBUG_INFO = NO;
				SDKROOT = iphoneos;
				VALIDATE_PRODUCT = YES;
			};
			name = Release;
		};
		E9C6A88419C87A2700129844 /* Debug */ = {
			isa = XCBuildConfiguration;
			baseConfigurationReference = AA46BCA07CF14A34BC2C3DED /* Pods.xcconfig */;
			buildSettings = {
				ASSETCATALOG_COMPILER_APPICON_NAME = AppIcon;
				ASSETCATALOG_COMPILER_LAUNCHIMAGE_NAME = LaunchImage;
				CLANG_ENABLE_MODULES = YES;
				INFOPLIST_FILE = toptaskClient/Info.plist;
				IPHONEOS_DEPLOYMENT_TARGET = 7.0;
				LD_RUNPATH_SEARCH_PATHS = "$(inherited) @executable_path/Frameworks";
				PRODUCT_NAME = "$(TARGET_NAME)";
				SWIFT_OBJC_BRIDGING_HEADER = "toptaskClient-Bridging-Header.h";
				SWIFT_OPTIMIZATION_LEVEL = "-Onone";
			};
			name = Debug;
		};
		E9C6A88519C87A2700129844 /* Release */ = {
			isa = XCBuildConfiguration;
			baseConfigurationReference = AA46BCA07CF14A34BC2C3DED /* Pods.xcconfig */;
			buildSettings = {
				ASSETCATALOG_COMPILER_APPICON_NAME = AppIcon;
				ASSETCATALOG_COMPILER_LAUNCHIMAGE_NAME = LaunchImage;
				CLANG_ENABLE_MODULES = YES;
				INFOPLIST_FILE = toptaskClient/Info.plist;
				IPHONEOS_DEPLOYMENT_TARGET = 7.0;
				LD_RUNPATH_SEARCH_PATHS = "$(inherited) @executable_path/Frameworks";
				PRODUCT_NAME = "$(TARGET_NAME)";
				SWIFT_OBJC_BRIDGING_HEADER = "toptaskClient-Bridging-Header.h";
			};
			name = Release;
		};
		E9C6A88719C87A2700129844 /* Debug */ = {
			isa = XCBuildConfiguration;
			buildSettings = {
				BUNDLE_LOADER = "$(TEST_HOST)";
				FRAMEWORK_SEARCH_PATHS = (
					"$(SDKROOT)/Developer/Library/Frameworks",
					"$(inherited)",
				);
				GCC_PREPROCESSOR_DEFINITIONS = (
					"DEBUG=1",
					"$(inherited)",
				);
				INFOPLIST_FILE = toptaskClientTests/Info.plist;
				LD_RUNPATH_SEARCH_PATHS = "$(inherited) @executable_path/Frameworks @loader_path/Frameworks";
				PRODUCT_NAME = "$(TARGET_NAME)";
				TEST_HOST = "$(BUILT_PRODUCTS_DIR)/toptaskClient.app/toptaskClient";
			};
			name = Debug;
		};
		E9C6A88819C87A2700129844 /* Release */ = {
			isa = XCBuildConfiguration;
			buildSettings = {
				BUNDLE_LOADER = "$(TEST_HOST)";
				FRAMEWORK_SEARCH_PATHS = (
					"$(SDKROOT)/Developer/Library/Frameworks",
					"$(inherited)",
				);
				INFOPLIST_FILE = toptaskClientTests/Info.plist;
				LD_RUNPATH_SEARCH_PATHS = "$(inherited) @executable_path/Frameworks @loader_path/Frameworks";
				PRODUCT_NAME = "$(TARGET_NAME)";
				TEST_HOST = "$(BUILT_PRODUCTS_DIR)/toptaskClient.app/toptaskClient";
			};
			name = Release;
		};
/* End XCBuildConfiguration section */

/* Begin XCConfigurationList section */
		E9C6A86219C87A2600129844 /* Build configuration list for PBXProject "toptaskClient" */ = {
			isa = XCConfigurationList;
			buildConfigurations = (
				E9C6A88119C87A2700129844 /* Debug */,
				E9C6A88219C87A2700129844 /* Release */,
			);
			defaultConfigurationIsVisible = 0;
			defaultConfigurationName = Release;
		};
		E9C6A88319C87A2700129844 /* Build configuration list for PBXNativeTarget "toptaskClient" */ = {
			isa = XCConfigurationList;
			buildConfigurations = (
				E9C6A88419C87A2700129844 /* Debug */,
				E9C6A88519C87A2700129844 /* Release */,
			);
			defaultConfigurationIsVisible = 0;
			defaultConfigurationName = Release;
		};
		E9C6A88619C87A2700129844 /* Build configuration list for PBXNativeTarget "toptaskClientTests" */ = {
			isa = XCConfigurationList;
			buildConfigurations = (
				E9C6A88719C87A2700129844 /* Debug */,
				E9C6A88819C87A2700129844 /* Release */,
			);
			defaultConfigurationIsVisible = 0;
			defaultConfigurationName = Release;
		};
/* End XCConfigurationList section */
	};
	rootObject = E9C6A85F19C87A2600129844 /* Project object */;
}
